
Microsoft Visual Studio Solution File, Format Version 11.00
# Visual Studio 2010
Project("{FAE04EC0-301F-11D3-BF4B-00C04F79EFBC}") = "Domain", "Domain\Domain.csproj", "{15FDCE50-E58A-4788-979C-62B6B233294A}"
EndProject
Project("{FAE04EC0-301F-11D3-BF4B-00C04F79EFBC}") = "Application", "Application\Application.csproj", "{3C1BF24E-0B86-46C5-8296-235A3DC2B9C2}"
EndProject
Project("{FAE04EC0-301F-11D3-BF4B-00C04F79EFBC}") = "Infrastructure", "Infrastructure\Infrastructure.csproj", "{956A6997-2FEC-4D68-A9EA-E2A846F21767}"
EndProject
Project("{FAE04EC0-301F-11D3-BF4B-00C04F79EFBC}") = "Interfaces", "Interfaces\Interfaces.csproj", "{15906138-9F55-4667-9AF5-A19750C60D96}"
EndProject
Project("{FAE04EC0-301F-11D3-BF4B-00C04F79EFBC}") = "Reporting.Api", "Reporting.Api\Reporting.Api.csproj", "{3CB8E18F-9ECA-4947-8D41-0C516BBDFAEE}"
EndProject
Project("{FAE04EC0-301F-11D3-BF4B-00C04F79EFBC}") = "Utilities", "Utilities\Utilities.csproj", "{DBF5AF65-DE7A-4BA0-AD0D-C4F163A8A894}"
EndProject
Project("{FAE04EC0-301F-11D3-BF4B-00C04F79EFBC}") = "Pathfinder.Api", "Pathfinder.Api\Pathfinder.Api.csproj", "{7087927A-D562-4F28-A90B-9F2C8566A74A}"
EndProject
Project("{FAE04EC0-301F-11D3-BF4B-00C04F79EFBC}") = "Booking.Api", "Booking.Api\Booking.Api.csproj", "{802F539B-0A98-4444-8BB8-AE57FB374FB1}"
EndProject
Project("{FAE04EC0-301F-11D3-BF4B-00C04F79EFBC}") = "Aggregator", "Aggregator\Aggregator.csproj", "{15D8E5E2-8A1F-4165-B90A-DD913D1C69AF}"
EndProject
Project("{FAE04EC0-301F-11D3-BF4B-00C04F79EFBC}") = "Application.Tests", "Application.Tests\Application.Tests.csproj", "{3884B2B7-2BB5-4293-BD69-650F1856F043}"
EndProject
Global
	GlobalSection(SolutionConfigurationPlatforms) = preSolution
		Debug|Any CPU = Debug|Any CPU
		Release|Any CPU = Release|Any CPU
	EndGlobalSection
	GlobalSection(ProjectConfigurationPlatforms) = postSolution
		{15FDCE50-E58A-4788-979C-62B6B233294A}.Debug|Any CPU.ActiveCfg = Debug|Any CPU
		{15FDCE50-E58A-4788-979C-62B6B233294A}.Debug|Any CPU.Build.0 = Debug|Any CPU
		{15FDCE50-E58A-4788-979C-62B6B233294A}.Release|Any CPU.ActiveCfg = Release|Any CPU
		{15FDCE50-E58A-4788-979C-62B6B233294A}.Release|Any CPU.Build.0 = Release|Any CPU
		{3C1BF24E-0B86-46C5-8296-235A3DC2B9C2}.Debug|Any CPU.ActiveCfg = Debug|Any CPU
		{3C1BF24E-0B86-46C5-8296-235A3DC2B9C2}.Debug|Any CPU.Build.0 = Debug|Any CPU
		{3C1BF24E-0B86-46C5-8296-235A3DC2B9C2}.Release|Any CPU.ActiveCfg = Release|Any CPU
		{3C1BF24E-0B86-46C5-8296-235A3DC2B9C2}.Release|Any CPU.Build.0 = Release|Any CPU
		{956A6997-2FEC-4D68-A9EA-E2A846F21767}.Debug|Any CPU.ActiveCfg = Debug|Any CPU
		{956A6997-2FEC-4D68-A9EA-E2A846F21767}.Debug|Any CPU.Build.0 = Debug|Any CPU
		{956A6997-2FEC-4D68-A9EA-E2A846F21767}.Release|Any CPU.ActiveCfg = Release|Any CPU
		{956A6997-2FEC-4D68-A9EA-E2A846F21767}.Release|Any CPU.Build.0 = Release|Any CPU
		{15906138-9F55-4667-9AF5-A19750C60D96}.Debug|Any CPU.ActiveCfg = Debug|Any CPU
		{15906138-9F55-4667-9AF5-A19750C60D96}.Debug|Any CPU.Build.0 = Debug|Any CPU
		{15906138-9F55-4667-9AF5-A19750C60D96}.Release|Any CPU.ActiveCfg = Release|Any CPU
		{15906138-9F55-4667-9AF5-A19750C60D96}.Release|Any CPU.Build.0 = Release|Any CPU
		{3CB8E18F-9ECA-4947-8D41-0C516BBDFAEE}.Debug|Any CPU.ActiveCfg = Debug|Any CPU
		{3CB8E18F-9ECA-4947-8D41-0C516BBDFAEE}.Debug|Any CPU.Build.0 = Debug|Any CPU
		{3CB8E18F-9ECA-4947-8D41-0C516BBDFAEE}.Release|Any CPU.ActiveCfg = Release|Any CPU
		{3CB8E18F-9ECA-4947-8D41-0C516BBDFAEE}.Release|Any CPU.Build.0 = Release|Any CPU
		{DBF5AF65-DE7A-4BA0-AD0D-C4F163A8A894}.Debug|Any CPU.ActiveCfg = Debug|Any CPU
		{DBF5AF65-DE7A-4BA0-AD0D-C4F163A8A894}.Debug|Any CPU.Build.0 = Debug|Any CPU
		{DBF5AF65-DE7A-4BA0-AD0D-C4F163A8A894}.Release|Any CPU.ActiveCfg = Release|Any CPU
		{DBF5AF65-DE7A-4BA0-AD0D-C4F163A8A894}.Release|Any CPU.Build.0 = Release|Any CPU
		{7087927A-D562-4F28-A90B-9F2C8566A74A}.Debug|Any CPU.ActiveCfg = Debug|Any CPU
		{7087927A-D562-4F28-A90B-9F2C8566A74A}.Debug|Any CPU.Build.0 = Debug|Any CPU
		{7087927A-D562-4F28-A90B-9F2C8566A74A}.Release|Any CPU.ActiveCfg = Release|Any CPU
		{7087927A-D562-4F28-A90B-9F2C8566A74A}.Release|Any CPU.Build.0 = Release|Any CPU
		{802F539B-0A98-4444-8BB8-AE57FB374FB1}.Debug|Any CPU.ActiveCfg = Debug|Any CPU
		{802F539B-0A98-4444-8BB8-AE57FB374FB1}.Debug|Any CPU.Build.0 = Debug|Any CPU
		{802F539B-0A98-4444-8BB8-AE57FB374FB1}.Release|Any CPU.ActiveCfg = Release|Any CPU
		{802F539B-0A98-4444-8BB8-AE57FB374FB1}.Release|Any CPU.Build.0 = Release|Any CPU
		{15D8E5E2-8A1F-4165-B90A-DD913D1C69AF}.Debug|Any CPU.ActiveCfg = Debug|Any CPU
		{15D8E5E2-8A1F-4165-B90A-DD913D1C69AF}.Debug|Any CPU.Build.0 = Debug|Any CPU
		{15D8E5E2-8A1F-4165-B90A-DD913D1C69AF}.Release|Any CPU.ActiveCfg = Release|Any CPU
		{15D8E5E2-8A1F-4165-B90A-DD913D1C69AF}.Release|Any CPU.Build.0 = Release|Any CPU
		{3884B2B7-2BB5-4293-BD69-650F1856F043}.Debug|Any CPU.ActiveCfg = Debug|Any CPU
		{3884B2B7-2BB5-4293-BD69-650F1856F043}.Debug|Any CPU.Build.0 = Debug|Any CPU
		{3884B2B7-2BB5-4293-BD69-650F1856F043}.Release|Any CPU.ActiveCfg = Release|Any CPU
		{3884B2B7-2BB5-4293-BD69-650F1856F043}.Release|Any CPU.Build.0 = Release|Any CPU
	EndGlobalSection
	GlobalSection(SolutionProperties) = preSolution
		HideSolutionNode = FALSE
	EndGlobalSection
EndGlobal
